# THIS IS AN AUTOGENERATED FILE. DO NOT EDIT THIS FILE DIRECTLY.
# yarn lockfile v1


sweetalert2@^11.7.1:
  version "11.7.1"
  resolved "https://registry.yarnpkg.com/sweetalert2/-/sweetalert2-11.7.1.tgz#e015b824fec3dcd174babbfedd30d989118c6783"
  integrity sha512-+1bnkbqBl64FnZmi3g4SzAi4F3pL3S2jF1YQvrysv4GbgizfeFqGkJopxR3FnV/eJm6w2SQ2oAmCxSIBjgP/ag==
